
Microsoft Visual Studio Solution File, Format Version 12.00
# Visual Studio 15
Project("{FAE04EC0-301F-11D3-BF4B-00C04F79EFBC}") = "S2E12_Variables", "S2E12_Variables.csproj", "{D360D8D3-6DF7-4151-880E-5FAFDD4AACC9}"
EndProject
Global
	GlobalSection(SolutionConfigurationPlatforms) = preSolution
		Debug|Any CPU = Debug|Any CPU
		Release|Any CPU = Release|Any CPU
	EndGlobalSection
	GlobalSection(ProjectConfigurationPlatforms) = postSolution
		{D360D8D3-6DF7-4151-880E-5FAFDD4AACC9}.Debug|Any CPU.ActiveCfg = Debug|Any CPU
		{D360D8D3-6DF7-4151-880E-5FAFDD4AACC9}.Debug|Any CPU.Build.0 = Debug|Any CPU
		{D360D8D3-6DF7-4151-880E-5FAFDD4AACC9}.Release|Any CPU.ActiveCfg = Release|Any CPU
		{D360D8D3-6DF7-4151-880E-5FAFDD4AACC9}.Release|Any CPU.Build.0 = Release|Any CPU
	EndGlobalSection
EndGlobal
