
Microsoft Visual Studio Solution File, Format Version 12.00
# Visual Studio Version 16
VisualStudioVersion = 16.0.30309.148
MinimumVisualStudioVersion = 10.0.40219.1
Project("{9A19103F-16F7-4668-BE54-9A1E7A4F7556}") = "S2E12_Variables", "S2E12_Variables\S2E12_Variables.csproj", "{0C09D4C3-DBD3-444F-9763-1DA9367A50CE}"
EndProject
Project("{FAE04EC0-301F-11D3-BF4B-00C04F79EFBC}") = "S2E13_Literals", "S2E13_Literals\S2E13_Literals.csproj", "{BACC7953-DB74-4F95-90E7-3DF7DBA54214}"
EndProject
Global
	GlobalSection(SolutionConfigurationPlatforms) = preSolution
		Debug|Any CPU = Debug|Any CPU
		Release|Any CPU = Release|Any CPU
	EndGlobalSection
	GlobalSection(ProjectConfigurationPlatforms) = postSolution
		{0C09D4C3-DBD3-444F-9763-1DA9367A50CE}.Debug|Any CPU.ActiveCfg = Debug|Any CPU
		{0C09D4C3-DBD3-444F-9763-1DA9367A50CE}.Debug|Any CPU.Build.0 = Debug|Any CPU
		{0C09D4C3-DBD3-444F-9763-1DA9367A50CE}.Release|Any CPU.ActiveCfg = Release|Any CPU
		{0C09D4C3-DBD3-444F-9763-1DA9367A50CE}.Release|Any CPU.Build.0 = Release|Any CPU
		{BACC7953-DB74-4F95-90E7-3DF7DBA54214}.Debug|Any CPU.ActiveCfg = Debug|Any CPU
		{BACC7953-DB74-4F95-90E7-3DF7DBA54214}.Debug|Any CPU.Build.0 = Debug|Any CPU
		{BACC7953-DB74-4F95-90E7-3DF7DBA54214}.Release|Any CPU.ActiveCfg = Release|Any CPU
		{BACC7953-DB74-4F95-90E7-3DF7DBA54214}.Release|Any CPU.Build.0 = Release|Any CPU
	EndGlobalSection
	GlobalSection(SolutionProperties) = preSolution
		HideSolutionNode = FALSE
	EndGlobalSection
	GlobalSection(ExtensibilityGlobals) = postSolution
		SolutionGuid = {D5FBE779-29EC-4146-8911-1DF7DCA031BC}
	EndGlobalSection
EndGlobal
