
Microsoft Visual Studio Solution File, Format Version 12.00
# Visual Studio Version 16
VisualStudioVersion = 16.0.30309.148
MinimumVisualStudioVersion = 10.0.40219.1
Project("{9A19103F-16F7-4668-BE54-9A1E7A4F7556}") = "S2E12_Variables", "S2E12_Variables\S2E12_Variables.csproj", "{0C09D4C3-DBD3-444F-9763-1DA9367A50CE}"
EndProject
Project("{9A19103F-16F7-4668-BE54-9A1E7A4F7556}") = "S2E13_Literals", "S2E13_Literals\S2E13_Literals.csproj", "{BACC7953-DB74-4F95-90E7-3DF7DBA54214}"
EndProject
Project("{9A19103F-16F7-4668-BE54-9A1E7A4F7556}") = "S2E14_Public_Variables", "S2E14_Public_Variables\S2E14_Public_Variables.csproj", "{DFC6537D-0B6F-4D60-9D41-56008BCB02B2}"
EndProject
Project("{9A19103F-16F7-4668-BE54-9A1E7A4F7556}") = "S2E15_Overflow", "S2E15_Overflow\S2E15_Overflow.csproj", "{4DF345FB-5D24-4096-AB3F-00B083D4FC6B}"
EndProject
Project("{9A19103F-16F7-4668-BE54-9A1E7A4F7556}") = "S2E16_Algebraic_Operations", "S2E16_Algebraic_Operations\S2E16_Algebraic_Operations.csproj", "{071C1BDE-BC3B-4062-AD33-730E98D5B7D3}"
EndProject
Project("{9A19103F-16F7-4668-BE54-9A1E7A4F7556}") = "S2E17_Static", "S2E17_Static\S2E17_Static.csproj", "{F696C770-5A3C-4CDA-987E-A1FC3E41631D}"
EndProject
Project("{9A19103F-16F7-4668-BE54-9A1E7A4F7556}") = "S2E18_Basic_strings_API", "S2E18_Basic_strings_API\S2E18_Basic_strings_API.csproj", "{5F341F52-5E8F-48AA-B4F8-29A4C7C9A2B9}"
EndProject
Project("{9A19103F-16F7-4668-BE54-9A1E7A4F7556}") = "S2E19_Strings_Emptiness", "S2E19_Strings_Emptiness\S2E19_Strings_Emptiness.csproj", "{4F9E06EB-1696-4EF9-B9DA-0E6F1F1CAD84}"
EndProject
Project("{9A19103F-16F7-4668-BE54-9A1E7A4F7556}") = "S2E20_Strings_Modification", "S2E20_Strings_Modification\S2E20_Strings_Modification.csproj", "{5A9C3252-8DF7-4F74-9CEF-06EA035E5591}"
EndProject
Project("{9A19103F-16F7-4668-BE54-9A1E7A4F7556}") = "S2E21_StringBuilder", "S2E21_StringBuilder\S2E21_StringBuilder.csproj", "{62AEF739-4F7D-40AB-91B8-6CB05AEDB9B9}"
EndProject
Project("{9A19103F-16F7-4668-BE54-9A1E7A4F7556}") = "S2E22_String_Formatting", "S2E22_String_Formatting\S2E22_String_Formatting.csproj", "{E211920A-2D33-4882-8E57-5AB15F7C459F}"
EndProject
Project("{9A19103F-16F7-4668-BE54-9A1E7A4F7556}") = "S2E22_Strings_Comparison", "S2E22_Strings_Comparison\S2E22_Strings_Comparison.csproj", "{A5D56918-19A2-4015-AF7B-7579EA5FDB98}"
EndProject
Project("{9A19103F-16F7-4668-BE54-9A1E7A4F7556}") = "S2E23_Console", "S2E23_Console\S2E23_Console.csproj", "{72F5D0EE-D70C-42D7-A85F-94F7E7A22D48}"
EndProject
Project("{9A19103F-16F7-4668-BE54-9A1E7A4F7556}") = "S2E24_Parsing", "S2E24_Parsing\S2E24_Parsing.csproj", "{6F090C23-E5F3-4901-B478-778CD08F01DE}"
EndProject
Project("{9A19103F-16F7-4668-BE54-9A1E7A4F7556}") = "S2E27_Class_Math", "S2E27_Class_Math\S2E27_Class_Math.csproj", "{806D191C-9A09-479E-B083-B0B2CA813F40}"
EndProject
Project("{9A19103F-16F7-4668-BE54-9A1E7A4F7556}") = "S2E28_Arrays_Intro", "S2E28_Arrays_Intro\S2E28_Arrays_Intro.csproj", "{8B70D4F9-0BFE-4826-B052-47C30C3D246A}"
EndProject
Project("{9A19103F-16F7-4668-BE54-9A1E7A4F7556}") = "S2E29_DateTime", "S2E29_DateTime\S2E29_DateTime.csproj", "{1FE8891B-A9E1-48A6-9CA2-97D550EB8874}"
EndProject
Project("{9A19103F-16F7-4668-BE54-9A1E7A4F7556}") = "S2E30_HW_1", "S2E30_HW_1\S2E30_HW_1.csproj", "{B23C9FDE-F7C9-4745-AC51-A8F974A6ED6B}"
EndProject
Project("{9A19103F-16F7-4668-BE54-9A1E7A4F7556}") = "S3E36_Conditionals", "S3E36_Conditionals\S3E36_Conditionals.csproj", "{1A4E94CF-6307-4C57-ADE3-39DAEE2B61B1}"
EndProject
Project("{9A19103F-16F7-4668-BE54-9A1E7A4F7556}") = "S3E39_ For_Foreach_Cycles", "S3E39_ For_Foreach_Cycles\S3E39_ For_Foreach_Cycles.csproj", "{491D3AF1-74CF-4436-A9A6-E4C7015925CA}"
EndProject
Project("{9A19103F-16F7-4668-BE54-9A1E7A4F7556}") = "S3E40_ Cycle_In_Cycle", "S3E40_ Cycle_In_Cycle\S3E40_ Cycle_In_Cycle.csproj", "{210BD7DC-C867-4377-95B3-9A0790950BC0}"
EndProject
Project("{9A19103F-16F7-4668-BE54-9A1E7A4F7556}") = "S3E41_While_DoWhile", "S3E41_While_DoWhile\S3E41_While_DoWhile.csproj", "{59C3F405-4C92-48FC-9557-2B5D1E37FD06}"
EndProject
Project("{9A19103F-16F7-4668-BE54-9A1E7A4F7556}") = "S3E42_break_continue", "S3E42_break_continue\S3E42_break_continue.csproj", "{F414F938-873B-4FFE-A716-59119649FFDE}"
EndProject
Project("{FAE04EC0-301F-11D3-BF4B-00C04F79EFBC}") = "S3E43_Switch_Case", "S3E43_Switch_Case\S3E43_Switch_Case.csproj", "{2F185691-2B11-47FB-BA44-67FCAE328633}"
EndProject
Project("{FAE04EC0-301F-11D3-BF4B-00C04F79EFBC}") = "S3E44_Debugging", "S3E44_Debugging\S3E44_Debugging.csproj", "{6AEE6B74-C79E-4690-813D-778610EF2605}"
EndProject
Project("{FAE04EC0-301F-11D3-BF4B-00C04F79EFBC}") = "S3E45_DZ_Fibonacci", "S3E45_DZ_Fibonacci\S3E45_DZ_Fibonacci.csproj", "{48BC390A-716E-40C0-B3D4-1823BE6C419B}"
EndProject
Project("{FAE04EC0-301F-11D3-BF4B-00C04F79EFBC}") = "S3E50_Factorial", "S3E50_Factorial\S3E50_Factorial.csproj", "{33BFCD61-31CB-41B8-B811-13E924797B03}"
EndProject
Project("{FAE04EC0-301F-11D3-BF4B-00C04F79EFBC}") = "S3E52_HW_LoginPassword", "S3E52_HW_LoginPassword\S3E52_HW_LoginPassword.csproj", "{2E2C263B-8234-4BFD-9637-FCD59796A886}"
EndProject
Project("{FAE04EC0-301F-11D3-BF4B-00C04F79EFBC}") = "S4E53_Array_No2", "S4E53_Array_No2\S4E53_Array_No2.csproj", "{9BB7E6C3-E8D6-4395-83A4-9E23E0F3B36D}"
EndProject
Project("{FAE04EC0-301F-11D3-BF4B-00C04F79EFBC}") = "S4E54_Collections_List", "S4E54_Collections_List\S4E54_Collections_List.csproj", "{2FB0FB96-B100-48E6-A25C-5FA901A88BC1}"
EndProject
Project("{FAE04EC0-301F-11D3-BF4B-00C04F79EFBC}") = "S4E55_Dictionary", "S4E55_Dictionary\S4E55_Dictionary.csproj", "{4DC1DB4F-BCC8-46D9-94E5-7B6463C15982}"
EndProject
Project("{FAE04EC0-301F-11D3-BF4B-00C04F79EFBC}") = "S4E56_StackAndQueue", "S4E56_StackAndQueue\S4E56_StackAndQueue.csproj", "{2D13DDC1-627A-4DD2-A81F-418E39D16C6D}"
EndProject
Project("{FAE04EC0-301F-11D3-BF4B-00C04F79EFBC}") = "S4E57_MultidimensionalArrays", "S4E57_MultidimensionalArrays\S4E57_MultidimensionalArrays.csproj", "{BEA48F84-EB9A-44BB-AE8E-F91E02FD39C8}"
EndProject
Project("{FAE04EC0-301F-11D3-BF4B-00C04F79EFBC}") = "S4E58_JaggedArray", "S4E58_JaggedArray\S4E58_JaggedArray.csproj", "{C6ACE8DF-5570-4691-AFD6-BBFDDDD82E33}"
EndProject
Project("{FAE04EC0-301F-11D3-BF4B-00C04F79EFBC}") = "S4E59_Change_Array_Index", "S4E59_Change_Array_Index\S4E59_Change_Array_Index.csproj", "{1AD678F2-A230-4AB3-9CEC-65EE719B4317}"
EndProject
Project("{FAE04EC0-301F-11D3-BF4B-00C04F79EFBC}") = "S5E61_Access_Modifyers_No1", "S5E61_Access_Modifyers_No1\S5E61_Access_Modifyers_No1.csproj", "{2E6179AC-CCFA-42D7-935A-88FC181C3433}"
EndProject
Project("{FAE04EC0-301F-11D3-BF4B-00C04F79EFBC}") = "S5E64_Auto-properties", "S5E64_Auto-properties\S5E64_Auto-properties.csproj", "{5437C2F1-13B7-48B7-B337-1F5AC802E447}"
EndProject
Project("{FAE04EC0-301F-11D3-BF4B-00C04F79EFBC}") = "S5E65_Method_Overload", "S5E65_Method_Overload\S5E65_Method_Overload.csproj", "{772355CE-6E9F-42BD-801F-EE62033EB262}"
EndProject
Project("{FAE04EC0-301F-11D3-BF4B-00C04F79EFBC}") = "S5E66_DZ_Parce_Roman_Numbs", "S5E66_DZ_Parce_Roman_Numbs\S5E66_DZ_Parce_Roman_Numbs.csproj", "{239DAB87-686A-455A-AA6D-6F116727BCE7}"
EndProject
Project("{FAE04EC0-301F-11D3-BF4B-00C04F79EFBC}") = "S5E68_DZ_Overload", "S5E68_DZ_Overload\S5E68_DZ_Overload.csproj", "{FA0B9945-E159-47B5-92B6-5A8F840F1589}"
EndProject
Global
	GlobalSection(SolutionConfigurationPlatforms) = preSolution
		Debug|Any CPU = Debug|Any CPU
		Release|Any CPU = Release|Any CPU
	EndGlobalSection
	GlobalSection(ProjectConfigurationPlatforms) = postSolution
		{0C09D4C3-DBD3-444F-9763-1DA9367A50CE}.Debug|Any CPU.ActiveCfg = Debug|Any CPU
		{0C09D4C3-DBD3-444F-9763-1DA9367A50CE}.Debug|Any CPU.Build.0 = Debug|Any CPU
		{0C09D4C3-DBD3-444F-9763-1DA9367A50CE}.Release|Any CPU.ActiveCfg = Release|Any CPU
		{0C09D4C3-DBD3-444F-9763-1DA9367A50CE}.Release|Any CPU.Build.0 = Release|Any CPU
		{BACC7953-DB74-4F95-90E7-3DF7DBA54214}.Debug|Any CPU.ActiveCfg = Debug|Any CPU
		{BACC7953-DB74-4F95-90E7-3DF7DBA54214}.Debug|Any CPU.Build.0 = Debug|Any CPU
		{BACC7953-DB74-4F95-90E7-3DF7DBA54214}.Release|Any CPU.ActiveCfg = Release|Any CPU
		{BACC7953-DB74-4F95-90E7-3DF7DBA54214}.Release|Any CPU.Build.0 = Release|Any CPU
		{DFC6537D-0B6F-4D60-9D41-56008BCB02B2}.Debug|Any CPU.ActiveCfg = Debug|Any CPU
		{DFC6537D-0B6F-4D60-9D41-56008BCB02B2}.Debug|Any CPU.Build.0 = Debug|Any CPU
		{DFC6537D-0B6F-4D60-9D41-56008BCB02B2}.Release|Any CPU.ActiveCfg = Release|Any CPU
		{DFC6537D-0B6F-4D60-9D41-56008BCB02B2}.Release|Any CPU.Build.0 = Release|Any CPU
		{4DF345FB-5D24-4096-AB3F-00B083D4FC6B}.Debug|Any CPU.ActiveCfg = Debug|Any CPU
		{4DF345FB-5D24-4096-AB3F-00B083D4FC6B}.Debug|Any CPU.Build.0 = Debug|Any CPU
		{4DF345FB-5D24-4096-AB3F-00B083D4FC6B}.Release|Any CPU.ActiveCfg = Release|Any CPU
		{4DF345FB-5D24-4096-AB3F-00B083D4FC6B}.Release|Any CPU.Build.0 = Release|Any CPU
		{071C1BDE-BC3B-4062-AD33-730E98D5B7D3}.Debug|Any CPU.ActiveCfg = Debug|Any CPU
		{071C1BDE-BC3B-4062-AD33-730E98D5B7D3}.Debug|Any CPU.Build.0 = Debug|Any CPU
		{071C1BDE-BC3B-4062-AD33-730E98D5B7D3}.Release|Any CPU.ActiveCfg = Release|Any CPU
		{071C1BDE-BC3B-4062-AD33-730E98D5B7D3}.Release|Any CPU.Build.0 = Release|Any CPU
		{F696C770-5A3C-4CDA-987E-A1FC3E41631D}.Debug|Any CPU.ActiveCfg = Debug|Any CPU
		{F696C770-5A3C-4CDA-987E-A1FC3E41631D}.Debug|Any CPU.Build.0 = Debug|Any CPU
		{F696C770-5A3C-4CDA-987E-A1FC3E41631D}.Release|Any CPU.ActiveCfg = Release|Any CPU
		{F696C770-5A3C-4CDA-987E-A1FC3E41631D}.Release|Any CPU.Build.0 = Release|Any CPU
		{5F341F52-5E8F-48AA-B4F8-29A4C7C9A2B9}.Debug|Any CPU.ActiveCfg = Debug|Any CPU
		{5F341F52-5E8F-48AA-B4F8-29A4C7C9A2B9}.Debug|Any CPU.Build.0 = Debug|Any CPU
		{5F341F52-5E8F-48AA-B4F8-29A4C7C9A2B9}.Release|Any CPU.ActiveCfg = Release|Any CPU
		{5F341F52-5E8F-48AA-B4F8-29A4C7C9A2B9}.Release|Any CPU.Build.0 = Release|Any CPU
		{4F9E06EB-1696-4EF9-B9DA-0E6F1F1CAD84}.Debug|Any CPU.ActiveCfg = Debug|Any CPU
		{4F9E06EB-1696-4EF9-B9DA-0E6F1F1CAD84}.Debug|Any CPU.Build.0 = Debug|Any CPU
		{4F9E06EB-1696-4EF9-B9DA-0E6F1F1CAD84}.Release|Any CPU.ActiveCfg = Release|Any CPU
		{4F9E06EB-1696-4EF9-B9DA-0E6F1F1CAD84}.Release|Any CPU.Build.0 = Release|Any CPU
		{5A9C3252-8DF7-4F74-9CEF-06EA035E5591}.Debug|Any CPU.ActiveCfg = Debug|Any CPU
		{5A9C3252-8DF7-4F74-9CEF-06EA035E5591}.Debug|Any CPU.Build.0 = Debug|Any CPU
		{5A9C3252-8DF7-4F74-9CEF-06EA035E5591}.Release|Any CPU.ActiveCfg = Release|Any CPU
		{5A9C3252-8DF7-4F74-9CEF-06EA035E5591}.Release|Any CPU.Build.0 = Release|Any CPU
		{62AEF739-4F7D-40AB-91B8-6CB05AEDB9B9}.Debug|Any CPU.ActiveCfg = Debug|Any CPU
		{62AEF739-4F7D-40AB-91B8-6CB05AEDB9B9}.Debug|Any CPU.Build.0 = Debug|Any CPU
		{62AEF739-4F7D-40AB-91B8-6CB05AEDB9B9}.Release|Any CPU.ActiveCfg = Release|Any CPU
		{62AEF739-4F7D-40AB-91B8-6CB05AEDB9B9}.Release|Any CPU.Build.0 = Release|Any CPU
		{E211920A-2D33-4882-8E57-5AB15F7C459F}.Debug|Any CPU.ActiveCfg = Debug|Any CPU
		{E211920A-2D33-4882-8E57-5AB15F7C459F}.Debug|Any CPU.Build.0 = Debug|Any CPU
		{E211920A-2D33-4882-8E57-5AB15F7C459F}.Release|Any CPU.ActiveCfg = Release|Any CPU
		{E211920A-2D33-4882-8E57-5AB15F7C459F}.Release|Any CPU.Build.0 = Release|Any CPU
		{A5D56918-19A2-4015-AF7B-7579EA5FDB98}.Debug|Any CPU.ActiveCfg = Debug|Any CPU
		{A5D56918-19A2-4015-AF7B-7579EA5FDB98}.Debug|Any CPU.Build.0 = Debug|Any CPU
		{A5D56918-19A2-4015-AF7B-7579EA5FDB98}.Release|Any CPU.ActiveCfg = Release|Any CPU
		{A5D56918-19A2-4015-AF7B-7579EA5FDB98}.Release|Any CPU.Build.0 = Release|Any CPU
		{72F5D0EE-D70C-42D7-A85F-94F7E7A22D48}.Debug|Any CPU.ActiveCfg = Debug|Any CPU
		{72F5D0EE-D70C-42D7-A85F-94F7E7A22D48}.Debug|Any CPU.Build.0 = Debug|Any CPU
		{72F5D0EE-D70C-42D7-A85F-94F7E7A22D48}.Release|Any CPU.ActiveCfg = Release|Any CPU
		{72F5D0EE-D70C-42D7-A85F-94F7E7A22D48}.Release|Any CPU.Build.0 = Release|Any CPU
		{6F090C23-E5F3-4901-B478-778CD08F01DE}.Debug|Any CPU.ActiveCfg = Debug|Any CPU
		{6F090C23-E5F3-4901-B478-778CD08F01DE}.Debug|Any CPU.Build.0 = Debug|Any CPU
		{6F090C23-E5F3-4901-B478-778CD08F01DE}.Release|Any CPU.ActiveCfg = Release|Any CPU
		{6F090C23-E5F3-4901-B478-778CD08F01DE}.Release|Any CPU.Build.0 = Release|Any CPU
		{806D191C-9A09-479E-B083-B0B2CA813F40}.Debug|Any CPU.ActiveCfg = Debug|Any CPU
		{806D191C-9A09-479E-B083-B0B2CA813F40}.Debug|Any CPU.Build.0 = Debug|Any CPU
		{806D191C-9A09-479E-B083-B0B2CA813F40}.Release|Any CPU.ActiveCfg = Release|Any CPU
		{806D191C-9A09-479E-B083-B0B2CA813F40}.Release|Any CPU.Build.0 = Release|Any CPU
		{8B70D4F9-0BFE-4826-B052-47C30C3D246A}.Debug|Any CPU.ActiveCfg = Debug|Any CPU
		{8B70D4F9-0BFE-4826-B052-47C30C3D246A}.Debug|Any CPU.Build.0 = Debug|Any CPU
		{8B70D4F9-0BFE-4826-B052-47C30C3D246A}.Release|Any CPU.ActiveCfg = Release|Any CPU
		{8B70D4F9-0BFE-4826-B052-47C30C3D246A}.Release|Any CPU.Build.0 = Release|Any CPU
		{1FE8891B-A9E1-48A6-9CA2-97D550EB8874}.Debug|Any CPU.ActiveCfg = Debug|Any CPU
		{1FE8891B-A9E1-48A6-9CA2-97D550EB8874}.Debug|Any CPU.Build.0 = Debug|Any CPU
		{1FE8891B-A9E1-48A6-9CA2-97D550EB8874}.Release|Any CPU.ActiveCfg = Release|Any CPU
		{1FE8891B-A9E1-48A6-9CA2-97D550EB8874}.Release|Any CPU.Build.0 = Release|Any CPU
		{B23C9FDE-F7C9-4745-AC51-A8F974A6ED6B}.Debug|Any CPU.ActiveCfg = Debug|Any CPU
		{B23C9FDE-F7C9-4745-AC51-A8F974A6ED6B}.Debug|Any CPU.Build.0 = Debug|Any CPU
		{B23C9FDE-F7C9-4745-AC51-A8F974A6ED6B}.Release|Any CPU.ActiveCfg = Release|Any CPU
		{B23C9FDE-F7C9-4745-AC51-A8F974A6ED6B}.Release|Any CPU.Build.0 = Release|Any CPU
		{1A4E94CF-6307-4C57-ADE3-39DAEE2B61B1}.Debug|Any CPU.ActiveCfg = Debug|Any CPU
		{1A4E94CF-6307-4C57-ADE3-39DAEE2B61B1}.Debug|Any CPU.Build.0 = Debug|Any CPU
		{1A4E94CF-6307-4C57-ADE3-39DAEE2B61B1}.Release|Any CPU.ActiveCfg = Release|Any CPU
		{1A4E94CF-6307-4C57-ADE3-39DAEE2B61B1}.Release|Any CPU.Build.0 = Release|Any CPU
		{491D3AF1-74CF-4436-A9A6-E4C7015925CA}.Debug|Any CPU.ActiveCfg = Debug|Any CPU
		{491D3AF1-74CF-4436-A9A6-E4C7015925CA}.Debug|Any CPU.Build.0 = Debug|Any CPU
		{491D3AF1-74CF-4436-A9A6-E4C7015925CA}.Release|Any CPU.ActiveCfg = Release|Any CPU
		{491D3AF1-74CF-4436-A9A6-E4C7015925CA}.Release|Any CPU.Build.0 = Release|Any CPU
		{210BD7DC-C867-4377-95B3-9A0790950BC0}.Debug|Any CPU.ActiveCfg = Debug|Any CPU
		{210BD7DC-C867-4377-95B3-9A0790950BC0}.Debug|Any CPU.Build.0 = Debug|Any CPU
		{210BD7DC-C867-4377-95B3-9A0790950BC0}.Release|Any CPU.ActiveCfg = Release|Any CPU
		{210BD7DC-C867-4377-95B3-9A0790950BC0}.Release|Any CPU.Build.0 = Release|Any CPU
		{59C3F405-4C92-48FC-9557-2B5D1E37FD06}.Debug|Any CPU.ActiveCfg = Debug|Any CPU
		{59C3F405-4C92-48FC-9557-2B5D1E37FD06}.Debug|Any CPU.Build.0 = Debug|Any CPU
		{59C3F405-4C92-48FC-9557-2B5D1E37FD06}.Release|Any CPU.ActiveCfg = Release|Any CPU
		{59C3F405-4C92-48FC-9557-2B5D1E37FD06}.Release|Any CPU.Build.0 = Release|Any CPU
		{F414F938-873B-4FFE-A716-59119649FFDE}.Debug|Any CPU.ActiveCfg = Debug|Any CPU
		{F414F938-873B-4FFE-A716-59119649FFDE}.Debug|Any CPU.Build.0 = Debug|Any CPU
		{F414F938-873B-4FFE-A716-59119649FFDE}.Release|Any CPU.ActiveCfg = Release|Any CPU
		{F414F938-873B-4FFE-A716-59119649FFDE}.Release|Any CPU.Build.0 = Release|Any CPU
		{2F185691-2B11-47FB-BA44-67FCAE328633}.Debug|Any CPU.ActiveCfg = Debug|Any CPU
		{2F185691-2B11-47FB-BA44-67FCAE328633}.Debug|Any CPU.Build.0 = Debug|Any CPU
		{2F185691-2B11-47FB-BA44-67FCAE328633}.Release|Any CPU.ActiveCfg = Release|Any CPU
		{2F185691-2B11-47FB-BA44-67FCAE328633}.Release|Any CPU.Build.0 = Release|Any CPU
		{6AEE6B74-C79E-4690-813D-778610EF2605}.Debug|Any CPU.ActiveCfg = Debug|Any CPU
		{6AEE6B74-C79E-4690-813D-778610EF2605}.Debug|Any CPU.Build.0 = Debug|Any CPU
		{6AEE6B74-C79E-4690-813D-778610EF2605}.Release|Any CPU.ActiveCfg = Release|Any CPU
		{6AEE6B74-C79E-4690-813D-778610EF2605}.Release|Any CPU.Build.0 = Release|Any CPU
		{48BC390A-716E-40C0-B3D4-1823BE6C419B}.Debug|Any CPU.ActiveCfg = Debug|Any CPU
		{48BC390A-716E-40C0-B3D4-1823BE6C419B}.Debug|Any CPU.Build.0 = Debug|Any CPU
		{48BC390A-716E-40C0-B3D4-1823BE6C419B}.Release|Any CPU.ActiveCfg = Release|Any CPU
		{48BC390A-716E-40C0-B3D4-1823BE6C419B}.Release|Any CPU.Build.0 = Release|Any CPU
		{33BFCD61-31CB-41B8-B811-13E924797B03}.Debug|Any CPU.ActiveCfg = Debug|Any CPU
		{33BFCD61-31CB-41B8-B811-13E924797B03}.Debug|Any CPU.Build.0 = Debug|Any CPU
		{33BFCD61-31CB-41B8-B811-13E924797B03}.Release|Any CPU.ActiveCfg = Release|Any CPU
		{33BFCD61-31CB-41B8-B811-13E924797B03}.Release|Any CPU.Build.0 = Release|Any CPU
		{2E2C263B-8234-4BFD-9637-FCD59796A886}.Debug|Any CPU.ActiveCfg = Debug|Any CPU
		{2E2C263B-8234-4BFD-9637-FCD59796A886}.Debug|Any CPU.Build.0 = Debug|Any CPU
		{2E2C263B-8234-4BFD-9637-FCD59796A886}.Release|Any CPU.ActiveCfg = Release|Any CPU
		{2E2C263B-8234-4BFD-9637-FCD59796A886}.Release|Any CPU.Build.0 = Release|Any CPU
		{9BB7E6C3-E8D6-4395-83A4-9E23E0F3B36D}.Debug|Any CPU.ActiveCfg = Debug|Any CPU
		{9BB7E6C3-E8D6-4395-83A4-9E23E0F3B36D}.Debug|Any CPU.Build.0 = Debug|Any CPU
		{9BB7E6C3-E8D6-4395-83A4-9E23E0F3B36D}.Release|Any CPU.ActiveCfg = Release|Any CPU
		{9BB7E6C3-E8D6-4395-83A4-9E23E0F3B36D}.Release|Any CPU.Build.0 = Release|Any CPU
		{2FB0FB96-B100-48E6-A25C-5FA901A88BC1}.Debug|Any CPU.ActiveCfg = Debug|Any CPU
		{2FB0FB96-B100-48E6-A25C-5FA901A88BC1}.Debug|Any CPU.Build.0 = Debug|Any CPU
		{2FB0FB96-B100-48E6-A25C-5FA901A88BC1}.Release|Any CPU.ActiveCfg = Release|Any CPU
		{2FB0FB96-B100-48E6-A25C-5FA901A88BC1}.Release|Any CPU.Build.0 = Release|Any CPU
		{4DC1DB4F-BCC8-46D9-94E5-7B6463C15982}.Debug|Any CPU.ActiveCfg = Debug|Any CPU
		{4DC1DB4F-BCC8-46D9-94E5-7B6463C15982}.Debug|Any CPU.Build.0 = Debug|Any CPU
		{4DC1DB4F-BCC8-46D9-94E5-7B6463C15982}.Release|Any CPU.ActiveCfg = Release|Any CPU
		{4DC1DB4F-BCC8-46D9-94E5-7B6463C15982}.Release|Any CPU.Build.0 = Release|Any CPU
		{2D13DDC1-627A-4DD2-A81F-418E39D16C6D}.Debug|Any CPU.ActiveCfg = Debug|Any CPU
		{2D13DDC1-627A-4DD2-A81F-418E39D16C6D}.Debug|Any CPU.Build.0 = Debug|Any CPU
		{2D13DDC1-627A-4DD2-A81F-418E39D16C6D}.Release|Any CPU.ActiveCfg = Release|Any CPU
		{2D13DDC1-627A-4DD2-A81F-418E39D16C6D}.Release|Any CPU.Build.0 = Release|Any CPU
		{BEA48F84-EB9A-44BB-AE8E-F91E02FD39C8}.Debug|Any CPU.ActiveCfg = Debug|Any CPU
		{BEA48F84-EB9A-44BB-AE8E-F91E02FD39C8}.Debug|Any CPU.Build.0 = Debug|Any CPU
		{BEA48F84-EB9A-44BB-AE8E-F91E02FD39C8}.Release|Any CPU.ActiveCfg = Release|Any CPU
		{BEA48F84-EB9A-44BB-AE8E-F91E02FD39C8}.Release|Any CPU.Build.0 = Release|Any CPU
		{C6ACE8DF-5570-4691-AFD6-BBFDDDD82E33}.Debug|Any CPU.ActiveCfg = Debug|Any CPU
		{C6ACE8DF-5570-4691-AFD6-BBFDDDD82E33}.Debug|Any CPU.Build.0 = Debug|Any CPU
		{C6ACE8DF-5570-4691-AFD6-BBFDDDD82E33}.Release|Any CPU.ActiveCfg = Release|Any CPU
		{C6ACE8DF-5570-4691-AFD6-BBFDDDD82E33}.Release|Any CPU.Build.0 = Release|Any CPU
		{1AD678F2-A230-4AB3-9CEC-65EE719B4317}.Debug|Any CPU.ActiveCfg = Debug|Any CPU
		{1AD678F2-A230-4AB3-9CEC-65EE719B4317}.Debug|Any CPU.Build.0 = Debug|Any CPU
		{1AD678F2-A230-4AB3-9CEC-65EE719B4317}.Release|Any CPU.ActiveCfg = Release|Any CPU
		{1AD678F2-A230-4AB3-9CEC-65EE719B4317}.Release|Any CPU.Build.0 = Release|Any CPU
		{2E6179AC-CCFA-42D7-935A-88FC181C3433}.Debug|Any CPU.ActiveCfg = Debug|Any CPU
		{2E6179AC-CCFA-42D7-935A-88FC181C3433}.Debug|Any CPU.Build.0 = Debug|Any CPU
		{2E6179AC-CCFA-42D7-935A-88FC181C3433}.Release|Any CPU.ActiveCfg = Release|Any CPU
		{2E6179AC-CCFA-42D7-935A-88FC181C3433}.Release|Any CPU.Build.0 = Release|Any CPU
		{5437C2F1-13B7-48B7-B337-1F5AC802E447}.Debug|Any CPU.ActiveCfg = Debug|Any CPU
		{5437C2F1-13B7-48B7-B337-1F5AC802E447}.Debug|Any CPU.Build.0 = Debug|Any CPU
		{5437C2F1-13B7-48B7-B337-1F5AC802E447}.Release|Any CPU.ActiveCfg = Release|Any CPU
		{5437C2F1-13B7-48B7-B337-1F5AC802E447}.Release|Any CPU.Build.0 = Release|Any CPU
		{772355CE-6E9F-42BD-801F-EE62033EB262}.Debug|Any CPU.ActiveCfg = Debug|Any CPU
		{772355CE-6E9F-42BD-801F-EE62033EB262}.Debug|Any CPU.Build.0 = Debug|Any CPU
		{772355CE-6E9F-42BD-801F-EE62033EB262}.Release|Any CPU.ActiveCfg = Release|Any CPU
		{772355CE-6E9F-42BD-801F-EE62033EB262}.Release|Any CPU.Build.0 = Release|Any CPU
		{239DAB87-686A-455A-AA6D-6F116727BCE7}.Debug|Any CPU.ActiveCfg = Debug|Any CPU
		{239DAB87-686A-455A-AA6D-6F116727BCE7}.Debug|Any CPU.Build.0 = Debug|Any CPU
		{239DAB87-686A-455A-AA6D-6F116727BCE7}.Release|Any CPU.ActiveCfg = Release|Any CPU
		{239DAB87-686A-455A-AA6D-6F116727BCE7}.Release|Any CPU.Build.0 = Release|Any CPU
		{FA0B9945-E159-47B5-92B6-5A8F840F1589}.Debug|Any CPU.ActiveCfg = Debug|Any CPU
		{FA0B9945-E159-47B5-92B6-5A8F840F1589}.Debug|Any CPU.Build.0 = Debug|Any CPU
		{FA0B9945-E159-47B5-92B6-5A8F840F1589}.Release|Any CPU.ActiveCfg = Release|Any CPU
		{FA0B9945-E159-47B5-92B6-5A8F840F1589}.Release|Any CPU.Build.0 = Release|Any CPU
	EndGlobalSection
	GlobalSection(SolutionProperties) = preSolution
		HideSolutionNode = FALSE
	EndGlobalSection
	GlobalSection(ExtensibilityGlobals) = postSolution
		SolutionGuid = {D5FBE779-29EC-4146-8911-1DF7DCA031BC}
	EndGlobalSection
EndGlobal
